
Microsoft Visual Studio Solution File, Format Version 12.00
# Visual Studio Version 17
VisualStudioVersion = 17.11.35327.3
MinimumVisualStudioVersion = 10.0.40219.1
Project("{2150E333-8FDC-42A3-9474-1A3956D46DE8}") = "Task0", "Task0", "{08E645A4-C1D1-4D49-A143-0A050360AB36}"
EndProject
Project("{9A19103F-16F7-4668-BE54-9A1E7A4F7556}") = "Tyuiu.RubanovEO.Sprint6.Task0.V18.Lib", "Tyuiu.RubanovEO.Sprint6.Task0.V18.Lib\Tyuiu.RubanovEO.Sprint6.Task0.V18.Lib.csproj", "{314274D4-C83C-4A3A-B824-BFFF42419C52}"
EndProject
Project("{9A19103F-16F7-4668-BE54-9A1E7A4F7556}") = "Tyuiu.RubanovEO.Sprint6.Task0.V18", "Tyuiu.RubanovEO.Sprint6.Task0.V18\Tyuiu.RubanovEO.Sprint6.Task0.V18.csproj", "{9A930447-0CBA-43A2-8277-DFF1420E8A71}"
EndProject
Project("{9A19103F-16F7-4668-BE54-9A1E7A4F7556}") = "Tyuiu.RubanovEO.Sprint6.Task0.V18.Test", "Tyuiu.RubanovEO.Sprint6.Task0.V18.Test\Tyuiu.RubanovEO.Sprint6.Task0.V18.Test.csproj", "{B144597C-509D-4365-8378-20FCD7B56BE9}"
EndProject
Project("{2150E333-8FDC-42A3-9474-1A3956D46DE8}") = "Task1", "Task1", "{7625137B-B90E-45FC-B5E6-977F92EF566B}"
EndProject
Project("{9A19103F-16F7-4668-BE54-9A1E7A4F7556}") = "Tyuiu.RubanovEO.Sprint6.Task1.V23", "Tyuiu.RubanovEO.Sprint6.Task1.V23\Tyuiu.RubanovEO.Sprint6.Task1.V23.csproj", "{DCC8D308-8C2C-4026-B297-34C51A57FD28}"
EndProject
Project("{9A19103F-16F7-4668-BE54-9A1E7A4F7556}") = "Tyuiu.RubanovEO.Sprint6.Task1.V23.Test", "Tyuiu.RubanovEO.Sprint6.Task1.V23.Test\Tyuiu.RubanovEO.Sprint6.Task1.V23.Test.csproj", "{37CD6890-0D66-4466-80DB-D7A2010C014C}"
EndProject
Project("{9A19103F-16F7-4668-BE54-9A1E7A4F7556}") = "Tyuiu.RubanovEO.Sprint6.Task1.V23.Lib", "Tyuiu.RubanovEO.Sprint6.Task1.V23.Lib\Tyuiu.RubanovEO.Sprint6.Task1.V23.Lib.csproj", "{DC166FD9-49DF-427B-BF53-6AF8CC60A8CE}"
EndProject
Project("{2150E333-8FDC-42A3-9474-1A3956D46DE8}") = "Task2", "Task2", "{544963C8-4D52-4F93-B2F5-F59C60E666E5}"
EndProject
Project("{9A19103F-16F7-4668-BE54-9A1E7A4F7556}") = "Tyuiu.RubanovEO.Sprint6.Task2.V12", "Tyuiu.RubanovEO.Sprint6.Task2.V12\Tyuiu.RubanovEO.Sprint6.Task2.V12.csproj", "{3A9901AA-90D7-454E-98D5-D731AC8B3B74}"
EndProject
Project("{9A19103F-16F7-4668-BE54-9A1E7A4F7556}") = "Tyuiu.RubanovEO.Sprint6.Task2.V12.Test", "Tyuiu.RubanovEO.Sprint6.Task2.V12.Test\Tyuiu.RubanovEO.Sprint6.Task2.V12.Test.csproj", "{25FD19BC-5FDD-45C0-B356-4739A31ACB88}"
EndProject
Project("{9A19103F-16F7-4668-BE54-9A1E7A4F7556}") = "Tyuiu.RubanovEO.Sprint6.Task2.V12.Lib", "Tyuiu.RubanovEO.Sprint6.Task2.V12.Lib\Tyuiu.RubanovEO.Sprint6.Task2.V12.Lib.csproj", "{29ADD725-5182-4A97-A396-E13528C05D09}"
EndProject
Project("{2150E333-8FDC-42A3-9474-1A3956D46DE8}") = "Task3", "Task3", "{240A921F-FBD2-41F1-A9A7-AC8BA003F682}"
EndProject
Project("{9A19103F-16F7-4668-BE54-9A1E7A4F7556}") = "Tyuiu.RubanovEO.Sprint6.Task3.V21", "Tyuiu.RubanovEO.Sprint6.Task3.V21\Tyuiu.RubanovEO.Sprint6.Task3.V21.csproj", "{043F5C51-A658-490F-B6EA-FA1F51941F93}"
EndProject
Project("{9A19103F-16F7-4668-BE54-9A1E7A4F7556}") = "Tyuiu.RubanovEO.Sprint6.Task3.V21.Lib", "Tyuiu.RubanovEO.Sprint6.Task3.V21.Lib\Tyuiu.RubanovEO.Sprint6.Task3.V21.Lib.csproj", "{31E964A4-4EBA-40D9-8FFF-3AB816DD94FB}"
EndProject
Project("{9A19103F-16F7-4668-BE54-9A1E7A4F7556}") = "Tyuiu.RubanovEO.Sprint6.Task3.V21.Test", "Tyuiu.RubanovEO.Sprint6.Task3.V21.Test\Tyuiu.RubanovEO.Sprint6.Task3.V21.Test.csproj", "{EA183D0B-3281-4135-B456-D0E195C81214}"
EndProject
Project("{2150E333-8FDC-42A3-9474-1A3956D46DE8}") = "Task4", "Task4", "{88B29709-2677-4193-A86B-66A776F42B81}"
EndProject
Project("{9A19103F-16F7-4668-BE54-9A1E7A4F7556}") = "Tyuiu.RubanovEO.Sprint6.Task4.V11", "Tyuiu.RubanovEO.Sprint6.Task4.V11\Tyuiu.RubanovEO.Sprint6.Task4.V11.csproj", "{DA5F8F87-E897-4C16-982B-395CB9E4E389}"
EndProject
Project("{9A19103F-16F7-4668-BE54-9A1E7A4F7556}") = "Tyuiu.RubanovEO.Sprint6.Task4.V11.Test", "Tyuiu.RubanovEO.Sprint6.Task4.V11.Test\Tyuiu.RubanovEO.Sprint6.Task4.V11.Test.csproj", "{0BEC69C4-3E3B-4B6C-B796-EE22781B7CD7}"
EndProject
Project("{9A19103F-16F7-4668-BE54-9A1E7A4F7556}") = "Tyuiu.RubanovEO.Sprint6.Task4.V11.Lib", "Tyuiu.RubanovEO.Sprint6.Task4.V11.Lib\Tyuiu.RubanovEO.Sprint6.Task4.V11.Lib.csproj", "{F1DB1D59-2328-4D45-ADE0-EA5B21F2D78E}"
EndProject
Project("{2150E333-8FDC-42A3-9474-1A3956D46DE8}") = "Task5", "Task5", "{BCB4824E-1F17-40CE-822C-71896B981141}"
EndProject
Project("{FAE04EC0-301F-11D3-BF4B-00C04F79EFBC}") = "Tyuiu.RubanovEO.Sprint6.Task5.V19", "Tyuiu.RubanovEO.Sprint6.Task5.V19\Tyuiu.RubanovEO.Sprint6.Task5.V19.csproj", "{9015D146-7CF2-4E5A-B587-E40CACDE541F}"
EndProject
Project("{FAE04EC0-301F-11D3-BF4B-00C04F79EFBC}") = "Tyuiu.RubanovEO.Sprint6.Task5.V19.Lib", "Tyuiu.RubanovEO.Sprint6.Task5.V19.Lib\Tyuiu.RubanovEO.Sprint6.Task5.V19.Lib.csproj", "{41766BCD-D385-4753-BABF-9D52AD01AC8A}"
EndProject
Project("{FAE04EC0-301F-11D3-BF4B-00C04F79EFBC}") = "Tyuiu.RubanovEO.Sprint6.Task5.V19.Test", "Tyuiu.RubanovEO.Sprint6.Task5.V19.Test\Tyuiu.RubanovEO.Sprint6.Task5.V19.Test.csproj", "{8726538A-3A5C-42F7-9B0D-8EE239AF8779}"
EndProject
Project("{2150E333-8FDC-42A3-9474-1A3956D46DE8}") = "Task6", "Task6", "{4AE89418-CCF2-4F3D-9AAE-645C377A44A8}"
EndProject
Project("{FAE04EC0-301F-11D3-BF4B-00C04F79EFBC}") = "Tyuiu.RubanovEO.Sprint6.Task6.V12", "Tyuiu.RubanovEO.Sprint6.Task6.V12\Tyuiu.RubanovEO.Sprint6.Task6.V12.csproj", "{3DEAD51F-26E7-4A2A-80EB-940DC344BCD7}"
EndProject
Project("{FAE04EC0-301F-11D3-BF4B-00C04F79EFBC}") = "Tyuiu.RubanovEO.Sprint6.Task6.V12.Lib", "Tyuiu.RubanovEO.Sprint6.Task6.V12.Lib\Tyuiu.RubanovEO.Sprint6.Task6.V12.Lib.csproj", "{012836AD-22F4-4E1E-B63B-2DFB56631B01}"
EndProject
Project("{FAE04EC0-301F-11D3-BF4B-00C04F79EFBC}") = "Tyuiu.RubanovEO.Sprint6.Task6.V12.Test", "Tyuiu.RubanovEO.Sprint6.Task6.V12.Test\Tyuiu.RubanovEO.Sprint6.Task6.V12.Test.csproj", "{1184CEE6-ACF3-414B-8714-75BE925C5A73}"
EndProject
Global
	GlobalSection(SolutionConfigurationPlatforms) = preSolution
		Debug|Any CPU = Debug|Any CPU
		Release|Any CPU = Release|Any CPU
	EndGlobalSection
	GlobalSection(ProjectConfigurationPlatforms) = postSolution
		{314274D4-C83C-4A3A-B824-BFFF42419C52}.Debug|Any CPU.ActiveCfg = Debug|Any CPU
		{314274D4-C83C-4A3A-B824-BFFF42419C52}.Debug|Any CPU.Build.0 = Debug|Any CPU
		{314274D4-C83C-4A3A-B824-BFFF42419C52}.Release|Any CPU.ActiveCfg = Release|Any CPU
		{314274D4-C83C-4A3A-B824-BFFF42419C52}.Release|Any CPU.Build.0 = Release|Any CPU
		{9A930447-0CBA-43A2-8277-DFF1420E8A71}.Debug|Any CPU.ActiveCfg = Debug|Any CPU
		{9A930447-0CBA-43A2-8277-DFF1420E8A71}.Debug|Any CPU.Build.0 = Debug|Any CPU
		{9A930447-0CBA-43A2-8277-DFF1420E8A71}.Release|Any CPU.ActiveCfg = Release|Any CPU
		{9A930447-0CBA-43A2-8277-DFF1420E8A71}.Release|Any CPU.Build.0 = Release|Any CPU
		{B144597C-509D-4365-8378-20FCD7B56BE9}.Debug|Any CPU.ActiveCfg = Debug|Any CPU
		{B144597C-509D-4365-8378-20FCD7B56BE9}.Debug|Any CPU.Build.0 = Debug|Any CPU
		{B144597C-509D-4365-8378-20FCD7B56BE9}.Release|Any CPU.ActiveCfg = Release|Any CPU
		{B144597C-509D-4365-8378-20FCD7B56BE9}.Release|Any CPU.Build.0 = Release|Any CPU
		{DCC8D308-8C2C-4026-B297-34C51A57FD28}.Debug|Any CPU.ActiveCfg = Debug|Any CPU
		{DCC8D308-8C2C-4026-B297-34C51A57FD28}.Debug|Any CPU.Build.0 = Debug|Any CPU
		{DCC8D308-8C2C-4026-B297-34C51A57FD28}.Release|Any CPU.ActiveCfg = Release|Any CPU
		{DCC8D308-8C2C-4026-B297-34C51A57FD28}.Release|Any CPU.Build.0 = Release|Any CPU
		{37CD6890-0D66-4466-80DB-D7A2010C014C}.Debug|Any CPU.ActiveCfg = Debug|Any CPU
		{37CD6890-0D66-4466-80DB-D7A2010C014C}.Debug|Any CPU.Build.0 = Debug|Any CPU
		{37CD6890-0D66-4466-80DB-D7A2010C014C}.Release|Any CPU.ActiveCfg = Release|Any CPU
		{37CD6890-0D66-4466-80DB-D7A2010C014C}.Release|Any CPU.Build.0 = Release|Any CPU
		{DC166FD9-49DF-427B-BF53-6AF8CC60A8CE}.Debug|Any CPU.ActiveCfg = Debug|Any CPU
		{DC166FD9-49DF-427B-BF53-6AF8CC60A8CE}.Debug|Any CPU.Build.0 = Debug|Any CPU
		{DC166FD9-49DF-427B-BF53-6AF8CC60A8CE}.Release|Any CPU.ActiveCfg = Release|Any CPU
		{DC166FD9-49DF-427B-BF53-6AF8CC60A8CE}.Release|Any CPU.Build.0 = Release|Any CPU
		{3A9901AA-90D7-454E-98D5-D731AC8B3B74}.Debug|Any CPU.ActiveCfg = Debug|Any CPU
		{3A9901AA-90D7-454E-98D5-D731AC8B3B74}.Debug|Any CPU.Build.0 = Debug|Any CPU
		{3A9901AA-90D7-454E-98D5-D731AC8B3B74}.Release|Any CPU.ActiveCfg = Release|Any CPU
		{3A9901AA-90D7-454E-98D5-D731AC8B3B74}.Release|Any CPU.Build.0 = Release|Any CPU
		{25FD19BC-5FDD-45C0-B356-4739A31ACB88}.Debug|Any CPU.ActiveCfg = Debug|Any CPU
		{25FD19BC-5FDD-45C0-B356-4739A31ACB88}.Debug|Any CPU.Build.0 = Debug|Any CPU
		{25FD19BC-5FDD-45C0-B356-4739A31ACB88}.Release|Any CPU.ActiveCfg = Release|Any CPU
		{25FD19BC-5FDD-45C0-B356-4739A31ACB88}.Release|Any CPU.Build.0 = Release|Any CPU
		{29ADD725-5182-4A97-A396-E13528C05D09}.Debug|Any CPU.ActiveCfg = Debug|Any CPU
		{29ADD725-5182-4A97-A396-E13528C05D09}.Debug|Any CPU.Build.0 = Debug|Any CPU
		{29ADD725-5182-4A97-A396-E13528C05D09}.Release|Any CPU.ActiveCfg = Release|Any CPU
		{29ADD725-5182-4A97-A396-E13528C05D09}.Release|Any CPU.Build.0 = Release|Any CPU
		{043F5C51-A658-490F-B6EA-FA1F51941F93}.Debug|Any CPU.ActiveCfg = Debug|Any CPU
		{043F5C51-A658-490F-B6EA-FA1F51941F93}.Debug|Any CPU.Build.0 = Debug|Any CPU
		{043F5C51-A658-490F-B6EA-FA1F51941F93}.Release|Any CPU.ActiveCfg = Release|Any CPU
		{043F5C51-A658-490F-B6EA-FA1F51941F93}.Release|Any CPU.Build.0 = Release|Any CPU
		{31E964A4-4EBA-40D9-8FFF-3AB816DD94FB}.Debug|Any CPU.ActiveCfg = Debug|Any CPU
		{31E964A4-4EBA-40D9-8FFF-3AB816DD94FB}.Debug|Any CPU.Build.0 = Debug|Any CPU
		{31E964A4-4EBA-40D9-8FFF-3AB816DD94FB}.Release|Any CPU.ActiveCfg = Release|Any CPU
		{31E964A4-4EBA-40D9-8FFF-3AB816DD94FB}.Release|Any CPU.Build.0 = Release|Any CPU
		{EA183D0B-3281-4135-B456-D0E195C81214}.Debug|Any CPU.ActiveCfg = Debug|Any CPU
		{EA183D0B-3281-4135-B456-D0E195C81214}.Debug|Any CPU.Build.0 = Debug|Any CPU
		{EA183D0B-3281-4135-B456-D0E195C81214}.Release|Any CPU.ActiveCfg = Release|Any CPU
		{EA183D0B-3281-4135-B456-D0E195C81214}.Release|Any CPU.Build.0 = Release|Any CPU
		{DA5F8F87-E897-4C16-982B-395CB9E4E389}.Debug|Any CPU.ActiveCfg = Debug|Any CPU
		{DA5F8F87-E897-4C16-982B-395CB9E4E389}.Debug|Any CPU.Build.0 = Debug|Any CPU
		{DA5F8F87-E897-4C16-982B-395CB9E4E389}.Release|Any CPU.ActiveCfg = Release|Any CPU
		{DA5F8F87-E897-4C16-982B-395CB9E4E389}.Release|Any CPU.Build.0 = Release|Any CPU
		{0BEC69C4-3E3B-4B6C-B796-EE22781B7CD7}.Debug|Any CPU.ActiveCfg = Debug|Any CPU
		{0BEC69C4-3E3B-4B6C-B796-EE22781B7CD7}.Debug|Any CPU.Build.0 = Debug|Any CPU
		{0BEC69C4-3E3B-4B6C-B796-EE22781B7CD7}.Release|Any CPU.ActiveCfg = Release|Any CPU
		{0BEC69C4-3E3B-4B6C-B796-EE22781B7CD7}.Release|Any CPU.Build.0 = Release|Any CPU
		{F1DB1D59-2328-4D45-ADE0-EA5B21F2D78E}.Debug|Any CPU.ActiveCfg = Debug|Any CPU
		{F1DB1D59-2328-4D45-ADE0-EA5B21F2D78E}.Debug|Any CPU.Build.0 = Debug|Any CPU
		{F1DB1D59-2328-4D45-ADE0-EA5B21F2D78E}.Release|Any CPU.ActiveCfg = Release|Any CPU
		{F1DB1D59-2328-4D45-ADE0-EA5B21F2D78E}.Release|Any CPU.Build.0 = Release|Any CPU
		{9015D146-7CF2-4E5A-B587-E40CACDE541F}.Debug|Any CPU.ActiveCfg = Debug|Any CPU
		{9015D146-7CF2-4E5A-B587-E40CACDE541F}.Debug|Any CPU.Build.0 = Debug|Any CPU
		{9015D146-7CF2-4E5A-B587-E40CACDE541F}.Release|Any CPU.ActiveCfg = Release|Any CPU
		{9015D146-7CF2-4E5A-B587-E40CACDE541F}.Release|Any CPU.Build.0 = Release|Any CPU
		{41766BCD-D385-4753-BABF-9D52AD01AC8A}.Debug|Any CPU.ActiveCfg = Debug|Any CPU
		{41766BCD-D385-4753-BABF-9D52AD01AC8A}.Debug|Any CPU.Build.0 = Debug|Any CPU
		{41766BCD-D385-4753-BABF-9D52AD01AC8A}.Release|Any CPU.ActiveCfg = Release|Any CPU
		{41766BCD-D385-4753-BABF-9D52AD01AC8A}.Release|Any CPU.Build.0 = Release|Any CPU
		{8726538A-3A5C-42F7-9B0D-8EE239AF8779}.Debug|Any CPU.ActiveCfg = Debug|Any CPU
		{8726538A-3A5C-42F7-9B0D-8EE239AF8779}.Debug|Any CPU.Build.0 = Debug|Any CPU
		{8726538A-3A5C-42F7-9B0D-8EE239AF8779}.Release|Any CPU.ActiveCfg = Release|Any CPU
		{8726538A-3A5C-42F7-9B0D-8EE239AF8779}.Release|Any CPU.Build.0 = Release|Any CPU
		{3DEAD51F-26E7-4A2A-80EB-940DC344BCD7}.Debug|Any CPU.ActiveCfg = Debug|Any CPU
		{3DEAD51F-26E7-4A2A-80EB-940DC344BCD7}.Debug|Any CPU.Build.0 = Debug|Any CPU
		{3DEAD51F-26E7-4A2A-80EB-940DC344BCD7}.Release|Any CPU.ActiveCfg = Release|Any CPU
		{3DEAD51F-26E7-4A2A-80EB-940DC344BCD7}.Release|Any CPU.Build.0 = Release|Any CPU
		{012836AD-22F4-4E1E-B63B-2DFB56631B01}.Debug|Any CPU.ActiveCfg = Debug|Any CPU
		{012836AD-22F4-4E1E-B63B-2DFB56631B01}.Debug|Any CPU.Build.0 = Debug|Any CPU
		{012836AD-22F4-4E1E-B63B-2DFB56631B01}.Release|Any CPU.ActiveCfg = Release|Any CPU
		{012836AD-22F4-4E1E-B63B-2DFB56631B01}.Release|Any CPU.Build.0 = Release|Any CPU
		{1184CEE6-ACF3-414B-8714-75BE925C5A73}.Debug|Any CPU.ActiveCfg = Debug|Any CPU
		{1184CEE6-ACF3-414B-8714-75BE925C5A73}.Debug|Any CPU.Build.0 = Debug|Any CPU
		{1184CEE6-ACF3-414B-8714-75BE925C5A73}.Release|Any CPU.ActiveCfg = Release|Any CPU
		{1184CEE6-ACF3-414B-8714-75BE925C5A73}.Release|Any CPU.Build.0 = Release|Any CPU
	EndGlobalSection
	GlobalSection(SolutionProperties) = preSolution
		HideSolutionNode = FALSE
	EndGlobalSection
	GlobalSection(NestedProjects) = preSolution
		{314274D4-C83C-4A3A-B824-BFFF42419C52} = {08E645A4-C1D1-4D49-A143-0A050360AB36}
		{9A930447-0CBA-43A2-8277-DFF1420E8A71} = {08E645A4-C1D1-4D49-A143-0A050360AB36}
		{B144597C-509D-4365-8378-20FCD7B56BE9} = {08E645A4-C1D1-4D49-A143-0A050360AB36}
		{DCC8D308-8C2C-4026-B297-34C51A57FD28} = {7625137B-B90E-45FC-B5E6-977F92EF566B}
		{37CD6890-0D66-4466-80DB-D7A2010C014C} = {7625137B-B90E-45FC-B5E6-977F92EF566B}
		{DC166FD9-49DF-427B-BF53-6AF8CC60A8CE} = {7625137B-B90E-45FC-B5E6-977F92EF566B}
		{3A9901AA-90D7-454E-98D5-D731AC8B3B74} = {544963C8-4D52-4F93-B2F5-F59C60E666E5}
		{25FD19BC-5FDD-45C0-B356-4739A31ACB88} = {544963C8-4D52-4F93-B2F5-F59C60E666E5}
		{29ADD725-5182-4A97-A396-E13528C05D09} = {544963C8-4D52-4F93-B2F5-F59C60E666E5}
		{043F5C51-A658-490F-B6EA-FA1F51941F93} = {240A921F-FBD2-41F1-A9A7-AC8BA003F682}
		{31E964A4-4EBA-40D9-8FFF-3AB816DD94FB} = {240A921F-FBD2-41F1-A9A7-AC8BA003F682}
		{EA183D0B-3281-4135-B456-D0E195C81214} = {240A921F-FBD2-41F1-A9A7-AC8BA003F682}
		{DA5F8F87-E897-4C16-982B-395CB9E4E389} = {88B29709-2677-4193-A86B-66A776F42B81}
		{0BEC69C4-3E3B-4B6C-B796-EE22781B7CD7} = {88B29709-2677-4193-A86B-66A776F42B81}
		{F1DB1D59-2328-4D45-ADE0-EA5B21F2D78E} = {88B29709-2677-4193-A86B-66A776F42B81}
		{9015D146-7CF2-4E5A-B587-E40CACDE541F} = {BCB4824E-1F17-40CE-822C-71896B981141}
		{41766BCD-D385-4753-BABF-9D52AD01AC8A} = {BCB4824E-1F17-40CE-822C-71896B981141}
		{8726538A-3A5C-42F7-9B0D-8EE239AF8779} = {BCB4824E-1F17-40CE-822C-71896B981141}
		{3DEAD51F-26E7-4A2A-80EB-940DC344BCD7} = {4AE89418-CCF2-4F3D-9AAE-645C377A44A8}
		{012836AD-22F4-4E1E-B63B-2DFB56631B01} = {4AE89418-CCF2-4F3D-9AAE-645C377A44A8}
		{1184CEE6-ACF3-414B-8714-75BE925C5A73} = {4AE89418-CCF2-4F3D-9AAE-645C377A44A8}
	EndGlobalSection
	GlobalSection(ExtensibilityGlobals) = postSolution
		SolutionGuid = {85819002-FC99-452C-8D18-CDAED4C5CB8D}
	EndGlobalSection
EndGlobal
