
Microsoft Visual Studio Solution File, Format Version 12.00
# Visual Studio Version 17
VisualStudioVersion = 17.11.35327.3
MinimumVisualStudioVersion = 10.0.40219.1
Project("{2150E333-8FDC-42A3-9474-1A3956D46DE8}") = "Task0", "Task0", "{08E645A4-C1D1-4D49-A143-0A050360AB36}"
EndProject
Project("{FAE04EC0-301F-11D3-BF4B-00C04F79EFBC}") = "Tyuiu.RubanovEO.Sprint6.Task0.V18.Lib", "Tyuiu.RubanovEO.Sprint6.Task0.V18.Lib\Tyuiu.RubanovEO.Sprint6.Task0.V18.Lib.csproj", "{314274D4-C83C-4A3A-B824-BFFF42419C52}"
EndProject
Project("{FAE04EC0-301F-11D3-BF4B-00C04F79EFBC}") = "Tyuiu.RubanovEO.Sprint6.Task0.V18", "Tyuiu.RubanovEO.Sprint6.Task0.V18\Tyuiu.RubanovEO.Sprint6.Task0.V18.csproj", "{9A930447-0CBA-43A2-8277-DFF1420E8A71}"
EndProject
Project("{FAE04EC0-301F-11D3-BF4B-00C04F79EFBC}") = "Tyuiu.RubanovEO.Sprint6.Task0.V18.Test", "Tyuiu.RubanovEO.Sprint6.Task0.V18.Test\Tyuiu.RubanovEO.Sprint6.Task0.V18.Test.csproj", "{B144597C-509D-4365-8378-20FCD7B56BE9}"
EndProject
Global
	GlobalSection(SolutionConfigurationPlatforms) = preSolution
		Debug|Any CPU = Debug|Any CPU
		Release|Any CPU = Release|Any CPU
	EndGlobalSection
	GlobalSection(ProjectConfigurationPlatforms) = postSolution
		{314274D4-C83C-4A3A-B824-BFFF42419C52}.Debug|Any CPU.ActiveCfg = Debug|Any CPU
		{314274D4-C83C-4A3A-B824-BFFF42419C52}.Debug|Any CPU.Build.0 = Debug|Any CPU
		{314274D4-C83C-4A3A-B824-BFFF42419C52}.Release|Any CPU.ActiveCfg = Release|Any CPU
		{314274D4-C83C-4A3A-B824-BFFF42419C52}.Release|Any CPU.Build.0 = Release|Any CPU
		{9A930447-0CBA-43A2-8277-DFF1420E8A71}.Debug|Any CPU.ActiveCfg = Debug|Any CPU
		{9A930447-0CBA-43A2-8277-DFF1420E8A71}.Debug|Any CPU.Build.0 = Debug|Any CPU
		{9A930447-0CBA-43A2-8277-DFF1420E8A71}.Release|Any CPU.ActiveCfg = Release|Any CPU
		{9A930447-0CBA-43A2-8277-DFF1420E8A71}.Release|Any CPU.Build.0 = Release|Any CPU
		{B144597C-509D-4365-8378-20FCD7B56BE9}.Debug|Any CPU.ActiveCfg = Debug|Any CPU
		{B144597C-509D-4365-8378-20FCD7B56BE9}.Debug|Any CPU.Build.0 = Debug|Any CPU
		{B144597C-509D-4365-8378-20FCD7B56BE9}.Release|Any CPU.ActiveCfg = Release|Any CPU
		{B144597C-509D-4365-8378-20FCD7B56BE9}.Release|Any CPU.Build.0 = Release|Any CPU
	EndGlobalSection
	GlobalSection(SolutionProperties) = preSolution
		HideSolutionNode = FALSE
	EndGlobalSection
	GlobalSection(NestedProjects) = preSolution
		{314274D4-C83C-4A3A-B824-BFFF42419C52} = {08E645A4-C1D1-4D49-A143-0A050360AB36}
		{9A930447-0CBA-43A2-8277-DFF1420E8A71} = {08E645A4-C1D1-4D49-A143-0A050360AB36}
		{B144597C-509D-4365-8378-20FCD7B56BE9} = {08E645A4-C1D1-4D49-A143-0A050360AB36}
	EndGlobalSection
	GlobalSection(ExtensibilityGlobals) = postSolution
		SolutionGuid = {85819002-FC99-452C-8D18-CDAED4C5CB8D}
	EndGlobalSection
EndGlobal
